// !$*UTF8*$!
{
	archiveVersion = 1;
	classes = {
	};
	objectVersion = 46;
	objects = {

/* Begin PBXBuildFile section */
		00099B661F219B6300A39CB8 /* AddMoodViewController.swift in Sources */ = {isa = PBXBuildFile; fileRef = 00099B651F219B6300A39CB8 /* AddMoodViewController.swift */; };
		00099B681F21CF1800A39CB8 /* ButtonExtension.swift in Sources */ = {isa = PBXBuildFile; fileRef = 00099B671F21CF1800A39CB8 /* ButtonExtension.swift */; };
		00099B6A1F21D62F00A39CB8 /* TextFieldExtension.swift in Sources */ = {isa = PBXBuildFile; fileRef = 00099B691F21D62F00A39CB8 /* TextFieldExtension.swift */; };
		00099B6C1F21F0D800A39CB8 /* SignUpViewController.swift in Sources */ = {isa = PBXBuildFile; fileRef = 00099B6B1F21F0D800A39CB8 /* SignUpViewController.swift */; };
		00099B6E1F24356800A39CB8 /* Podfile in Resources */ = {isa = PBXBuildFile; fileRef = 00099B6D1F24356800A39CB8 /* Podfile */; };
		00099B701F243C7300A39CB8 /* User.swift in Sources */ = {isa = PBXBuildFile; fileRef = 00099B6F1F243C7300A39CB8 /* User.swift */; };
		00099B721F24730800A39CB8 /* SignInViewController.swift in Sources */ = {isa = PBXBuildFile; fileRef = 00099B711F24730800A39CB8 /* SignInViewController.swift */; };
		0029575A1F2AD05D001D2E84 /* MoodCardTableViewCell.swift in Sources */ = {isa = PBXBuildFile; fileRef = 002957521F2AD05D001D2E84 /* MoodCardTableViewCell.swift */; };
		0029575B1F2AD05D001D2E84 /* LabelExtension.swift in Sources */ = {isa = PBXBuildFile; fileRef = 002957531F2AD05D001D2E84 /* LabelExtension.swift */; };
		0029575D1F2AD05D001D2E84 /* Record.swift in Sources */ = {isa = PBXBuildFile; fileRef = 002957551F2AD05D001D2E84 /* Record.swift */; };
		0029575E1F2AD05D001D2E84 /* Result.swift in Sources */ = {isa = PBXBuildFile; fileRef = 002957561F2AD05D001D2E84 /* Result.swift */; };
		0029575F1F2AD05D001D2E84 /* MoodCardTableViewController.swift in Sources */ = {isa = PBXBuildFile; fileRef = 002957571F2AD05D001D2E84 /* MoodCardTableViewController.swift */; };
		002957601F2AD05D001D2E84 /* TextViewExtension.swift in Sources */ = {isa = PBXBuildFile; fileRef = 002957581F2AD05D001D2E84 /* TextViewExtension.swift */; };
		002957611F2AD05D001D2E84 /* MoodDataViewController.swift in Sources */ = {isa = PBXBuildFile; fileRef = 002957591F2AD05D001D2E84 /* MoodDataViewController.swift */; };
		002957631F2B2032001D2E84 /* MyFormatter.swift in Sources */ = {isa = PBXBuildFile; fileRef = 002957621F2B2032001D2E84 /* MyFormatter.swift */; };
		0056133E1F2C88C6006ADF72 /* Assets.xcassets in Resources */ = {isa = PBXBuildFile; fileRef = 0056133D1F2C88C6006ADF72 /* Assets.xcassets */; };
		005613421F2CA074006ADF72 /* UIViewControllerExtension.swift in Sources */ = {isa = PBXBuildFile; fileRef = 005613411F2CA074006ADF72 /* UIViewControllerExtension.swift */; };
		005613481F2E05C7006ADF72 /* ThemeColor.swift in Sources */ = {isa = PBXBuildFile; fileRef = 005613471F2E05C7006ADF72 /* ThemeColor.swift */; };
		0056134A1F2E0717006ADF72 /* AppNavigationController.swift in Sources */ = {isa = PBXBuildFile; fileRef = 005613491F2E0717006ADF72 /* AppNavigationController.swift */; };
		0056134C1F2E355C006ADF72 /* SideMenuNavigationController.swift in Sources */ = {isa = PBXBuildFile; fileRef = 0056134B1F2E355C006ADF72 /* SideMenuNavigationController.swift */; };
		0056134E1F2EE486006ADF72 /* SettingViewController.swift in Sources */ = {isa = PBXBuildFile; fileRef = 0056134D1F2EE486006ADF72 /* SettingViewController.swift */; };
		005613541F2F5FE4006ADF72 /* Setting.swift in Sources */ = {isa = PBXBuildFile; fileRef = 005613531F2F5FE4006ADF72 /* Setting.swift */; };
		00E3E0B81F1F93580041AD21 /* AppDelegate.swift in Sources */ = {isa = PBXBuildFile; fileRef = 00E3E0B71F1F93580041AD21 /* AppDelegate.swift */; };
		00E3E0BD1F1F93580041AD21 /* Main.storyboard in Resources */ = {isa = PBXBuildFile; fileRef = 00E3E0BB1F1F93580041AD21 /* Main.storyboard */; };
		00E3E0C21F1F93580041AD21 /* LaunchScreen.storyboard in Resources */ = {isa = PBXBuildFile; fileRef = 00E3E0C01F1F93580041AD21 /* LaunchScreen.storyboard */; };
		00E3E0CD1F1F93580041AD21 /* MoodTests.swift in Sources */ = {isa = PBXBuildFile; fileRef = 00E3E0CC1F1F93580041AD21 /* MoodTests.swift */; };
		00E3E0DA1F20E0C90041AD21 /* MoodControl.swift in Sources */ = {isa = PBXBuildFile; fileRef = 00E3E0D91F20E0C90041AD21 /* MoodControl.swift */; };
		6086D7862728834172E4FC0D /* Pods_Mood.framework in Frameworks */ = {isa = PBXBuildFile; fileRef = D4CC7157BC7BB66B1B3D0720 /* Pods_Mood.framework */; };
/* End PBXBuildFile section */

/* Begin PBXContainerItemProxy section */
		00E3E0C91F1F93580041AD21 /* PBXContainerItemProxy */ = {
			isa = PBXContainerItemProxy;
			containerPortal = 00E3E0AC1F1F93580041AD21 /* Project object */;
			proxyType = 1;
			remoteGlobalIDString = 00E3E0B31F1F93580041AD21;
			remoteInfo = Mood;
		};
/* End PBXContainerItemProxy section */

/* Begin PBXFileReference section */
		00099B651F219B6300A39CB8 /* AddMoodViewController.swift */ = {isa = PBXFileReference; fileEncoding = 4; lastKnownFileType = sourcecode.swift; path = AddMoodViewController.swift; sourceTree = "<group>"; };
		00099B671F21CF1800A39CB8 /* ButtonExtension.swift */ = {isa = PBXFileReference; fileEncoding = 4; lastKnownFileType = sourcecode.swift; path = ButtonExtension.swift; sourceTree = "<group>"; };
		00099B691F21D62F00A39CB8 /* TextFieldExtension.swift */ = {isa = PBXFileReference; fileEncoding = 4; lastKnownFileType = sourcecode.swift; path = TextFieldExtension.swift; sourceTree = "<group>"; };
		00099B6B1F21F0D800A39CB8 /* SignUpViewController.swift */ = {isa = PBXFileReference; fileEncoding = 4; lastKnownFileType = sourcecode.swift; path = SignUpViewController.swift; sourceTree = "<group>"; };
		00099B6D1F24356800A39CB8 /* Podfile */ = {isa = PBXFileReference; fileEncoding = 4; lastKnownFileType = text; path = Podfile; sourceTree = "<group>"; xcLanguageSpecificationIdentifier = xcode.lang.ruby; };
		00099B6F1F243C7300A39CB8 /* User.swift */ = {isa = PBXFileReference; fileEncoding = 4; lastKnownFileType = sourcecode.swift; path = User.swift; sourceTree = "<group>"; };
		00099B711F24730800A39CB8 /* SignInViewController.swift */ = {isa = PBXFileReference; fileEncoding = 4; lastKnownFileType = sourcecode.swift; path = SignInViewController.swift; sourceTree = "<group>"; };
		002957521F2AD05D001D2E84 /* MoodCardTableViewCell.swift */ = {isa = PBXFileReference; fileEncoding = 4; lastKnownFileType = sourcecode.swift; path = MoodCardTableViewCell.swift; sourceTree = "<group>"; };
		002957531F2AD05D001D2E84 /* LabelExtension.swift */ = {isa = PBXFileReference; fileEncoding = 4; lastKnownFileType = sourcecode.swift; path = LabelExtension.swift; sourceTree = "<group>"; };
		002957551F2AD05D001D2E84 /* Record.swift */ = {isa = PBXFileReference; fileEncoding = 4; lastKnownFileType = sourcecode.swift; path = Record.swift; sourceTree = "<group>"; };
		002957561F2AD05D001D2E84 /* Result.swift */ = {isa = PBXFileReference; fileEncoding = 4; lastKnownFileType = sourcecode.swift; path = Result.swift; sourceTree = "<group>"; };
		002957571F2AD05D001D2E84 /* MoodCardTableViewController.swift */ = {isa = PBXFileReference; fileEncoding = 4; lastKnownFileType = sourcecode.swift; path = MoodCardTableViewController.swift; sourceTree = "<group>"; };
		002957581F2AD05D001D2E84 /* TextViewExtension.swift */ = {isa = PBXFileReference; fileEncoding = 4; lastKnownFileType = sourcecode.swift; path = TextViewExtension.swift; sourceTree = "<group>"; };
		002957591F2AD05D001D2E84 /* MoodDataViewController.swift */ = {isa = PBXFileReference; fileEncoding = 4; lastKnownFileType = sourcecode.swift; path = MoodDataViewController.swift; sourceTree = "<group>"; };
		002957621F2B2032001D2E84 /* MyFormatter.swift */ = {isa = PBXFileReference; fileEncoding = 4; lastKnownFileType = sourcecode.swift; path = MyFormatter.swift; sourceTree = "<group>"; };
		0056133D1F2C88C6006ADF72 /* Assets.xcassets */ = {isa = PBXFileReference; lastKnownFileType = folder.assetcatalog; path = Assets.xcassets; sourceTree = "<group>"; };
		005613411F2CA074006ADF72 /* UIViewControllerExtension.swift */ = {isa = PBXFileReference; fileEncoding = 4; lastKnownFileType = sourcecode.swift; path = UIViewControllerExtension.swift; sourceTree = "<group>"; };
		005613471F2E05C7006ADF72 /* ThemeColor.swift */ = {isa = PBXFileReference; fileEncoding = 4; lastKnownFileType = sourcecode.swift; path = ThemeColor.swift; sourceTree = "<group>"; };
		005613491F2E0717006ADF72 /* AppNavigationController.swift */ = {isa = PBXFileReference; fileEncoding = 4; lastKnownFileType = sourcecode.swift; path = AppNavigationController.swift; sourceTree = "<group>"; };
		0056134B1F2E355C006ADF72 /* SideMenuNavigationController.swift */ = {isa = PBXFileReference; fileEncoding = 4; lastKnownFileType = sourcecode.swift; path = SideMenuNavigationController.swift; sourceTree = "<group>"; };
		0056134D1F2EE486006ADF72 /* SettingViewController.swift */ = {isa = PBXFileReference; fileEncoding = 4; lastKnownFileType = sourcecode.swift; path = SettingViewController.swift; sourceTree = "<group>"; };
		005613531F2F5FE4006ADF72 /* Setting.swift */ = {isa = PBXFileReference; fileEncoding = 4; lastKnownFileType = sourcecode.swift; path = Setting.swift; sourceTree = "<group>"; };
		00E3E0B41F1F93580041AD21 /* Mood.app */ = {isa = PBXFileReference; explicitFileType = wrapper.application; includeInIndex = 0; path = Mood.app; sourceTree = BUILT_PRODUCTS_DIR; };
		00E3E0B71F1F93580041AD21 /* AppDelegate.swift */ = {isa = PBXFileReference; lastKnownFileType = sourcecode.swift; path = AppDelegate.swift; sourceTree = "<group>"; };
		00E3E0BC1F1F93580041AD21 /* Base */ = {isa = PBXFileReference; lastKnownFileType = file.storyboard; name = Base; path = Base.lproj/Main.storyboard; sourceTree = "<group>"; };
		00E3E0C11F1F93580041AD21 /* Base */ = {isa = PBXFileReference; lastKnownFileType = file.storyboard; name = Base; path = Base.lproj/LaunchScreen.storyboard; sourceTree = "<group>"; };
		00E3E0C31F1F93580041AD21 /* Info.plist */ = {isa = PBXFileReference; lastKnownFileType = text.plist.xml; path = Info.plist; sourceTree = "<group>"; };
		00E3E0C81F1F93580041AD21 /* MoodTests.xctest */ = {isa = PBXFileReference; explicitFileType = wrapper.cfbundle; includeInIndex = 0; path = MoodTests.xctest; sourceTree = BUILT_PRODUCTS_DIR; };
		00E3E0CC1F1F93580041AD21 /* MoodTests.swift */ = {isa = PBXFileReference; lastKnownFileType = sourcecode.swift; path = MoodTests.swift; sourceTree = "<group>"; };
		00E3E0CE1F1F93580041AD21 /* Info.plist */ = {isa = PBXFileReference; lastKnownFileType = text.plist.xml; path = Info.plist; sourceTree = "<group>"; };
		00E3E0D91F20E0C90041AD21 /* MoodControl.swift */ = {isa = PBXFileReference; fileEncoding = 4; lastKnownFileType = sourcecode.swift; path = MoodControl.swift; sourceTree = "<group>"; };
		873243B322AC1C5FB90FC533 /* Pods-Mood.release.xcconfig */ = {isa = PBXFileReference; includeInIndex = 1; lastKnownFileType = text.xcconfig; name = "Pods-Mood.release.xcconfig"; path = "Pods/Target Support Files/Pods-Mood/Pods-Mood.release.xcconfig"; sourceTree = "<group>"; };
		D4CC7157BC7BB66B1B3D0720 /* Pods_Mood.framework */ = {isa = PBXFileReference; explicitFileType = wrapper.framework; includeInIndex = 0; path = Pods_Mood.framework; sourceTree = BUILT_PRODUCTS_DIR; };
		FF9DFE453A84F958341F34F4 /* Pods-Mood.debug.xcconfig */ = {isa = PBXFileReference; includeInIndex = 1; lastKnownFileType = text.xcconfig; name = "Pods-Mood.debug.xcconfig"; path = "Pods/Target Support Files/Pods-Mood/Pods-Mood.debug.xcconfig"; sourceTree = "<group>"; };
/* End PBXFileReference section */

/* Begin PBXFrameworksBuildPhase section */
		00E3E0B11F1F93580041AD21 /* Frameworks */ = {
			isa = PBXFrameworksBuildPhase;
			buildActionMask = 2147483647;
			files = (
				6086D7862728834172E4FC0D /* Pods_Mood.framework in Frameworks */,
			);
			runOnlyForDeploymentPostprocessing = 0;
		};
		00E3E0C51F1F93580041AD21 /* Frameworks */ = {
			isa = PBXFrameworksBuildPhase;
			buildActionMask = 2147483647;
			files = (
			);
			runOnlyForDeploymentPostprocessing = 0;
		};
/* End PBXFrameworksBuildPhase section */

/* Begin PBXGroup section */
		00E3E0AB1F1F93580041AD21 = {
			isa = PBXGroup;
			children = (
				00E3E0B61F1F93580041AD21 /* Mood */,
				00E3E0CB1F1F93580041AD21 /* MoodTests */,
				00E3E0B51F1F93580041AD21 /* Products */,
				00099B6D1F24356800A39CB8 /* Podfile */,
				55070F87AA495EFD3EDCFBE9 /* Pods */,
				DF3907C039E41E2C89A44AA2 /* Frameworks */,
			);
			sourceTree = "<group>";
		};
		00E3E0B51F1F93580041AD21 /* Products */ = {
			isa = PBXGroup;
			children = (
				00E3E0B41F1F93580041AD21 /* Mood.app */,
				00E3E0C81F1F93580041AD21 /* MoodTests.xctest */,
			);
			name = Products;
			sourceTree = "<group>";
		};
		00E3E0B61F1F93580041AD21 /* Mood */ = {
			isa = PBXGroup;
			children = (
				00E3E0BB1F1F93580041AD21 /* Main.storyboard */,
				00E3E0C01F1F93580041AD21 /* LaunchScreen.storyboard */,
				00E3E0B71F1F93580041AD21 /* AppDelegate.swift */,
				002957571F2AD05D001D2E84 /* MoodCardTableViewController.swift */,
				002957521F2AD05D001D2E84 /* MoodCardTableViewCell.swift */,
				002957591F2AD05D001D2E84 /* MoodDataViewController.swift */,
				00099B651F219B6300A39CB8 /* AddMoodViewController.swift */,
				00E3E0D91F20E0C90041AD21 /* MoodControl.swift */,
				00099B711F24730800A39CB8 /* SignInViewController.swift */,
				00099B6B1F21F0D800A39CB8 /* SignUpViewController.swift */,
				0056134D1F2EE486006ADF72 /* SettingViewController.swift */,
				0056134B1F2E355C006ADF72 /* SideMenuNavigationController.swift */,
				005613491F2E0717006ADF72 /* AppNavigationController.swift */,
				00099B6F1F243C7300A39CB8 /* User.swift */,
				002957551F2AD05D001D2E84 /* Record.swift */,
				005613531F2F5FE4006ADF72 /* Setting.swift */,
				002957561F2AD05D001D2E84 /* Result.swift */,
				002957531F2AD05D001D2E84 /* LabelExtension.swift */,
				00099B671F21CF1800A39CB8 /* ButtonExtension.swift */,
				00099B691F21D62F00A39CB8 /* TextFieldExtension.swift */,
				002957581F2AD05D001D2E84 /* TextViewExtension.swift */,
				005613411F2CA074006ADF72 /* UIViewControllerExtension.swift */,
				002957621F2B2032001D2E84 /* MyFormatter.swift */,
				005613471F2E05C7006ADF72 /* ThemeColor.swift */,
				00E3E0C31F1F93580041AD21 /* Info.plist */,
				0056133D1F2C88C6006ADF72 /* Assets.xcassets */,
			);
			path = Mood;
			sourceTree = "<group>";
		};
		00E3E0CB1F1F93580041AD21 /* MoodTests */ = {
			isa = PBXGroup;
			children = (
				00E3E0CC1F1F93580041AD21 /* MoodTests.swift */,
				00E3E0CE1F1F93580041AD21 /* Info.plist */,
			);
			path = MoodTests;
			sourceTree = "<group>";
		};
		55070F87AA495EFD3EDCFBE9 /* Pods */ = {
			isa = PBXGroup;
			children = (
				FF9DFE453A84F958341F34F4 /* Pods-Mood.debug.xcconfig */,
				873243B322AC1C5FB90FC533 /* Pods-Mood.release.xcconfig */,
			);
			name = Pods;
			sourceTree = "<group>";
		};
		DF3907C039E41E2C89A44AA2 /* Frameworks */ = {
			isa = PBXGroup;
			children = (
				D4CC7157BC7BB66B1B3D0720 /* Pods_Mood.framework */,
			);
			name = Frameworks;
			sourceTree = "<group>";
		};
/* End PBXGroup section */

/* Begin PBXNativeTarget section */
		00E3E0B31F1F93580041AD21 /* Mood */ = {
			isa = PBXNativeTarget;
			buildConfigurationList = 00E3E0D11F1F93580041AD21 /* Build configuration list for PBXNativeTarget "Mood" */;
			buildPhases = (
				B85A7C804F38BE7761A0BBE0 /* [CP] Check Pods Manifest.lock */,
				00E3E0B01F1F93580041AD21 /* Sources */,
				00E3E0B11F1F93580041AD21 /* Frameworks */,
				00E3E0B21F1F93580041AD21 /* Resources */,
				6C1F1ED8EF5A755D9C25EEDA /* [CP] Embed Pods Frameworks */,
				A41EC6736B6B460906CF5DFD /* [CP] Copy Pods Resources */,
			);
			buildRules = (
			);
			dependencies = (
			);
			name = Mood;
			productName = Mood;
			productReference = 00E3E0B41F1F93580041AD21 /* Mood.app */;
			productType = "com.apple.product-type.application";
		};
		00E3E0C71F1F93580041AD21 /* MoodTests */ = {
			isa = PBXNativeTarget;
			buildConfigurationList = 00E3E0D41F1F93580041AD21 /* Build configuration list for PBXNativeTarget "MoodTests" */;
			buildPhases = (
				00E3E0C41F1F93580041AD21 /* Sources */,
				00E3E0C51F1F93580041AD21 /* Frameworks */,
				00E3E0C61F1F93580041AD21 /* Resources */,
			);
			buildRules = (
			);
			dependencies = (
				00E3E0CA1F1F93580041AD21 /* PBXTargetDependency */,
			);
			name = MoodTests;
			productName = MoodTests;
			productReference = 00E3E0C81F1F93580041AD21 /* MoodTests.xctest */;
			productType = "com.apple.product-type.bundle.unit-test";
		};
/* End PBXNativeTarget section */

/* Begin PBXProject section */
		00E3E0AC1F1F93580041AD21 /* Project object */ = {
			isa = PBXProject;
			attributes = {
				LastSwiftUpdateCheck = 0830;
				LastUpgradeCheck = 0830;
				ORGANIZATIONNAME = Hys;
				TargetAttributes = {
					00E3E0B31F1F93580041AD21 = {
						CreatedOnToolsVersion = 8.3.3;
						DevelopmentTeam = TXSLR648AM;
						ProvisioningStyle = Automatic;
					};
					00E3E0C71F1F93580041AD21 = {
						CreatedOnToolsVersion = 8.3.3;
						ProvisioningStyle = Automatic;
						TestTargetID = 00E3E0B31F1F93580041AD21;
					};
				};
			};
			buildConfigurationList = 00E3E0AF1F1F93580041AD21 /* Build configuration list for PBXProject "Mood" */;
			compatibilityVersion = "Xcode 3.2";
			developmentRegion = English;
			hasScannedForEncodings = 0;
			knownRegions = (
				en,
				Base,
			);
			mainGroup = 00E3E0AB1F1F93580041AD21;
			productRefGroup = 00E3E0B51F1F93580041AD21 /* Products */;
			projectDirPath = "";
			projectRoot = "";
			targets = (
				00E3E0B31F1F93580041AD21 /* Mood */,
				00E3E0C71F1F93580041AD21 /* MoodTests */,
			);
		};
/* End PBXProject section */

/* Begin PBXResourcesBuildPhase section */
		00E3E0B21F1F93580041AD21 /* Resources */ = {
			isa = PBXResourcesBuildPhase;
			buildActionMask = 2147483647;
			files = (
				00099B6E1F24356800A39CB8 /* Podfile in Resources */,
				00E3E0C21F1F93580041AD21 /* LaunchScreen.storyboard in Resources */,
				0056133E1F2C88C6006ADF72 /* Assets.xcassets in Resources */,
				00E3E0BD1F1F93580041AD21 /* Main.storyboard in Resources */,
			);
			runOnlyForDeploymentPostprocessing = 0;
		};
		00E3E0C61F1F93580041AD21 /* Resources */ = {
			isa = PBXResourcesBuildPhase;
			buildActionMask = 2147483647;
			files = (
			);
			runOnlyForDeploymentPostprocessing = 0;
		};
/* End PBXResourcesBuildPhase section */

/* Begin PBXShellScriptBuildPhase section */
		6C1F1ED8EF5A755D9C25EEDA /* [CP] Embed Pods Frameworks */ = {
			isa = PBXShellScriptBuildPhase;
			buildActionMask = 2147483647;
			files = (
			);
			inputPaths = (
			);
			name = "[CP] Embed Pods Frameworks";
			outputPaths = (
			);
			runOnlyForDeploymentPostprocessing = 0;
			shellPath = /bin/sh;
			shellScript = "\"${SRCROOT}/Pods/Target Support Files/Pods-Mood/Pods-Mood-frameworks.sh\"\n";
			showEnvVarsInLog = 0;
		};
		A41EC6736B6B460906CF5DFD /* [CP] Copy Pods Resources */ = {
			isa = PBXShellScriptBuildPhase;
			buildActionMask = 2147483647;
			files = (
			);
			inputPaths = (
			);
			name = "[CP] Copy Pods Resources";
			outputPaths = (
			);
			runOnlyForDeploymentPostprocessing = 0;
			shellPath = /bin/sh;
			shellScript = "\"${SRCROOT}/Pods/Target Support Files/Pods-Mood/Pods-Mood-resources.sh\"\n";
			showEnvVarsInLog = 0;
		};
		B85A7C804F38BE7761A0BBE0 /* [CP] Check Pods Manifest.lock */ = {
			isa = PBXShellScriptBuildPhase;
			buildActionMask = 2147483647;
			files = (
			);
			inputPaths = (
			);
			name = "[CP] Check Pods Manifest.lock";
			outputPaths = (
			);
			runOnlyForDeploymentPostprocessing = 0;
			shellPath = /bin/sh;
			shellScript = "diff \"${PODS_PODFILE_DIR_PATH}/Podfile.lock\" \"${PODS_ROOT}/Manifest.lock\" > /dev/null\nif [ $? != 0 ] ; then\n    # print error to STDERR\n    echo \"error: The sandbox is not in sync with the Podfile.lock. Run 'pod install' or update your CocoaPods installation.\" >&2\n    exit 1\nfi\n";
			showEnvVarsInLog = 0;
		};
/* End PBXShellScriptBuildPhase section */

/* Begin PBXSourcesBuildPhase section */
		00E3E0B01F1F93580041AD21 /* Sources */ = {
			isa = PBXSourcesBuildPhase;
			buildActionMask = 2147483647;
			files = (
				0056134A1F2E0717006ADF72 /* AppNavigationController.swift in Sources */,
				002957611F2AD05D001D2E84 /* MoodDataViewController.swift in Sources */,
				00E3E0DA1F20E0C90041AD21 /* MoodControl.swift in Sources */,
				00099B6C1F21F0D800A39CB8 /* SignUpViewController.swift in Sources */,
				00099B661F219B6300A39CB8 /* AddMoodViewController.swift in Sources */,
				00099B681F21CF1800A39CB8 /* ButtonExtension.swift in Sources */,
				0029575E1F2AD05D001D2E84 /* Result.swift in Sources */,
				00099B701F243C7300A39CB8 /* User.swift in Sources */,
				00099B721F24730800A39CB8 /* SignInViewController.swift in Sources */,
				0029575F1F2AD05D001D2E84 /* MoodCardTableViewController.swift in Sources */,
				005613481F2E05C7006ADF72 /* ThemeColor.swift in Sources */,
				00099B6A1F21D62F00A39CB8 /* TextFieldExtension.swift in Sources */,
				002957631F2B2032001D2E84 /* MyFormatter.swift in Sources */,
				005613541F2F5FE4006ADF72 /* Setting.swift in Sources */,
				0029575D1F2AD05D001D2E84 /* Record.swift in Sources */,
				0056134C1F2E355C006ADF72 /* SideMenuNavigationController.swift in Sources */,
				0029575B1F2AD05D001D2E84 /* LabelExtension.swift in Sources */,
				0056134E1F2EE486006ADF72 /* SettingViewController.swift in Sources */,
				00E3E0B81F1F93580041AD21 /* AppDelegate.swift in Sources */,
				005613421F2CA074006ADF72 /* UIViewControllerExtension.swift in Sources */,
				0029575A1F2AD05D001D2E84 /* MoodCardTableViewCell.swift in Sources */,
				002957601F2AD05D001D2E84 /* TextViewExtension.swift in Sources */,
			);
			runOnlyForDeploymentPostprocessing = 0;
		};
		00E3E0C41F1F93580041AD21 /* Sources */ = {
			isa = PBXSourcesBuildPhase;
			buildActionMask = 2147483647;
			files = (
				00E3E0CD1F1F93580041AD21 /* MoodTests.swift in Sources */,
			);
			runOnlyForDeploymentPostprocessing = 0;
		};
/* End PBXSourcesBuildPhase section */

/* Begin PBXTargetDependency section */
		00E3E0CA1F1F93580041AD21 /* PBXTargetDependency */ = {
			isa = PBXTargetDependency;
			target = 00E3E0B31F1F93580041AD21 /* Mood */;
			targetProxy = 00E3E0C91F1F93580041AD21 /* PBXContainerItemProxy */;
		};
/* End PBXTargetDependency section */

/* Begin PBXVariantGroup section */
		00E3E0BB1F1F93580041AD21 /* Main.storyboard */ = {
			isa = PBXVariantGroup;
			children = (
				00E3E0BC1F1F93580041AD21 /* Base */,
			);
			name = Main.storyboard;
			sourceTree = "<group>";
		};
		00E3E0C01F1F93580041AD21 /* LaunchScreen.storyboard */ = {
			isa = PBXVariantGroup;
			children = (
				00E3E0C11F1F93580041AD21 /* Base */,
			);
			name = LaunchScreen.storyboard;
			sourceTree = "<group>";
		};
/* End PBXVariantGroup section */

/* Begin XCBuildConfiguration section */
		00E3E0CF1F1F93580041AD21 /* Debug */ = {
			isa = XCBuildConfiguration;
			buildSettings = {
				ALWAYS_SEARCH_USER_PATHS = NO;
				CLANG_ANALYZER_NONNULL = YES;
				CLANG_ANALYZER_NUMBER_OBJECT_CONVERSION = YES_AGGRESSIVE;
				CLANG_CXX_LANGUAGE_STANDARD = "gnu++0x";
				CLANG_CXX_LIBRARY = "libc++";
				CLANG_ENABLE_MODULES = YES;
				CLANG_ENABLE_OBJC_ARC = YES;
				CLANG_WARN_BOOL_CONVERSION = YES;
				CLANG_WARN_CONSTANT_CONVERSION = YES;
				CLANG_WARN_DIRECT_OBJC_ISA_USAGE = YES_ERROR;
				CLANG_WARN_DOCUMENTATION_COMMENTS = YES;
				CLANG_WARN_EMPTY_BODY = YES;
				CLANG_WARN_ENUM_CONVERSION = YES;
				CLANG_WARN_INFINITE_RECURSION = YES;
				CLANG_WARN_INT_CONVERSION = YES;
				CLANG_WARN_OBJC_ROOT_CLASS = YES_ERROR;
				CLANG_WARN_SUSPICIOUS_MOVE = YES;
				CLANG_WARN_UNREACHABLE_CODE = YES;
				CLANG_WARN__DUPLICATE_METHOD_MATCH = YES;
				"CODE_SIGN_IDENTITY[sdk=iphoneos*]" = "iPhone Developer";
				COPY_PHASE_STRIP = NO;
				DEBUG_INFORMATION_FORMAT = dwarf;
				ENABLE_STRICT_OBJC_MSGSEND = YES;
				ENABLE_TESTABILITY = YES;
				GCC_C_LANGUAGE_STANDARD = gnu99;
				GCC_DYNAMIC_NO_PIC = NO;
				GCC_NO_COMMON_BLOCKS = YES;
				GCC_OPTIMIZATION_LEVEL = 0;
				GCC_PREPROCESSOR_DEFINITIONS = (
					"DEBUG=1",
					"$(inherited)",
				);
				GCC_WARN_64_TO_32_BIT_CONVERSION = YES;
				GCC_WARN_ABOUT_RETURN_TYPE = YES_ERROR;
				GCC_WARN_UNDECLARED_SELECTOR = YES;
				GCC_WARN_UNINITIALIZED_AUTOS = YES_AGGRESSIVE;
				GCC_WARN_UNUSED_FUNCTION = YES;
				GCC_WARN_UNUSED_VARIABLE = YES;
				IPHONEOS_DEPLOYMENT_TARGET = 10.3;
				MTL_ENABLE_DEBUG_INFO = YES;
				ONLY_ACTIVE_ARCH = YES;
				SDKROOT = iphoneos;
				SWIFT_ACTIVE_COMPILATION_CONDITIONS = DEBUG;
				SWIFT_OPTIMIZATION_LEVEL = "-Onone";
				TARGETED_DEVICE_FAMILY = "1,2";
			};
			name = Debug;
		};
		00E3E0D01F1F93580041AD21 /* Release */ = {
			isa = XCBuildConfiguration;
			buildSettings = {
				ALWAYS_SEARCH_USER_PATHS = NO;
				CLANG_ANALYZER_NONNULL = YES;
				CLANG_ANALYZER_NUMBER_OBJECT_CONVERSION = YES_AGGRESSIVE;
				CLANG_CXX_LANGUAGE_STANDARD = "gnu++0x";
				CLANG_CXX_LIBRARY = "libc++";
				CLANG_ENABLE_MODULES = YES;
				CLANG_ENABLE_OBJC_ARC = YES;
				CLANG_WARN_BOOL_CONVERSION = YES;
				CLANG_WARN_CONSTANT_CONVERSION = YES;
				CLANG_WARN_DIRECT_OBJC_ISA_USAGE = YES_ERROR;
				CLANG_WARN_DOCUMENTATION_COMMENTS = YES;
				CLANG_WARN_EMPTY_BODY = YES;
				CLANG_WARN_ENUM_CONVERSION = YES;
				CLANG_WARN_INFINITE_RECURSION = YES;
				CLANG_WARN_INT_CONVERSION = YES;
				CLANG_WARN_OBJC_ROOT_CLASS = YES_ERROR;
				CLANG_WARN_SUSPICIOUS_MOVE = YES;
				CLANG_WARN_UNREACHABLE_CODE = YES;
				CLANG_WARN__DUPLICATE_METHOD_MATCH = YES;
				"CODE_SIGN_IDENTITY[sdk=iphoneos*]" = "iPhone Developer";
				COPY_PHASE_STRIP = NO;
				DEBUG_INFORMATION_FORMAT = "dwarf-with-dsym";
				ENABLE_NS_ASSERTIONS = NO;
				ENABLE_STRICT_OBJC_MSGSEND = YES;
				GCC_C_LANGUAGE_STANDARD = gnu99;
				GCC_NO_COMMON_BLOCKS = YES;
				GCC_WARN_64_TO_32_BIT_CONVERSION = YES;
				GCC_WARN_ABOUT_RETURN_TYPE = YES_ERROR;
				GCC_WARN_UNDECLARED_SELECTOR = YES;
				GCC_WARN_UNINITIALIZED_AUTOS = YES_AGGRESSIVE;
				GCC_WARN_UNUSED_FUNCTION = YES;
				GCC_WARN_UNUSED_VARIABLE = YES;
				IPHONEOS_DEPLOYMENT_TARGET = 10.3;
				MTL_ENABLE_DEBUG_INFO = NO;
				SDKROOT = iphoneos;
				SWIFT_OPTIMIZATION_LEVEL = "-Owholemodule";
				TARGETED_DEVICE_FAMILY = "1,2";
				VALIDATE_PRODUCT = YES;
			};
			name = Release;
		};
		00E3E0D21F1F93580041AD21 /* Debug */ = {
			isa = XCBuildConfiguration;
			baseConfigurationReference = FF9DFE453A84F958341F34F4 /* Pods-Mood.debug.xcconfig */;
			buildSettings = {
				ASSETCATALOG_COMPILER_APPICON_NAME = AppIcon;
				DEVELOPMENT_TEAM = TXSLR648AM;
				INFOPLIST_FILE = Mood/Info.plist;
				LD_RUNPATH_SEARCH_PATHS = "$(inherited) @executable_path/Frameworks";
				PRODUCT_BUNDLE_IDENTIFIER = edu.zju.hys.Mood;
				PRODUCT_NAME = "$(TARGET_NAME)";
				SWIFT_VERSION = 3.0;
			};
			name = Debug;
		};
		00E3E0D31F1F93580041AD21 /* Release */ = {
			isa = XCBuildConfiguration;
			baseConfigurationReference = 873243B322AC1C5FB90FC533 /* Pods-Mood.release.xcconfig */;
			buildSettings = {
				ASSETCATALOG_COMPILER_APPICON_NAME = AppIcon;
				DEVELOPMENT_TEAM = TXSLR648AM;
				INFOPLIST_FILE = Mood/Info.plist;
				LD_RUNPATH_SEARCH_PATHS = "$(inherited) @executable_path/Frameworks";
				PRODUCT_BUNDLE_IDENTIFIER = edu.zju.hys.Mood;
				PRODUCT_NAME = "$(TARGET_NAME)";
				SWIFT_VERSION = 3.0;
			};
			name = Release;
		};
		00E3E0D51F1F93580041AD21 /* Debug */ = {
			isa = XCBuildConfiguration;
			buildSettings = {
				ALWAYS_EMBED_SWIFT_STANDARD_LIBRARIES = YES;
				BUNDLE_LOADER = "$(TEST_HOST)";
				INFOPLIST_FILE = MoodTests/Info.plist;
				LD_RUNPATH_SEARCH_PATHS = "$(inherited) @executable_path/Frameworks @loader_path/Frameworks";
				PRODUCT_BUNDLE_IDENTIFIER = edu.zju.hys.MoodTests;
				PRODUCT_NAME = "$(TARGET_NAME)";
				SWIFT_VERSION = 3.0;
				TEST_HOST = "$(BUILT_PRODUCTS_DIR)/Mood.app/Mood";
			};
			name = Debug;
		};
		00E3E0D61F1F93580041AD21 /* Release */ = {
			isa = XCBuildConfiguration;
			buildSettings = {
				ALWAYS_EMBED_SWIFT_STANDARD_LIBRARIES = YES;
				BUNDLE_LOADER = "$(TEST_HOST)";
				INFOPLIST_FILE = MoodTests/Info.plist;
				LD_RUNPATH_SEARCH_PATHS = "$(inherited) @executable_path/Frameworks @loader_path/Frameworks";
				PRODUCT_BUNDLE_IDENTIFIER = edu.zju.hys.MoodTests;
				PRODUCT_NAME = "$(TARGET_NAME)";
				SWIFT_VERSION = 3.0;
				TEST_HOST = "$(BUILT_PRODUCTS_DIR)/Mood.app/Mood";
			};
			name = Release;
		};
/* End XCBuildConfiguration section */

/* Begin XCConfigurationList section */
		00E3E0AF1F1F93580041AD21 /* Build configuration list for PBXProject "Mood" */ = {
			isa = XCConfigurationList;
			buildConfigurations = (
				00E3E0CF1F1F93580041AD21 /* Debug */,
				00E3E0D01F1F93580041AD21 /* Release */,
			);
			defaultConfigurationIsVisible = 0;
			defaultConfigurationName = Release;
		};
		00E3E0D11F1F93580041AD21 /* Build configuration list for PBXNativeTarget "Mood" */ = {
			isa = XCConfigurationList;
			buildConfigurations = (
				00E3E0D21F1F93580041AD21 /* Debug */,
				00E3E0D31F1F93580041AD21 /* Release */,
			);
			defaultConfigurationIsVisible = 0;
			defaultConfigurationName = Release;
		};
		00E3E0D41F1F93580041AD21 /* Build configuration list for PBXNativeTarget "MoodTests" */ = {
			isa = XCConfigurationList;
			buildConfigurations = (
				00E3E0D51F1F93580041AD21 /* Debug */,
				00E3E0D61F1F93580041AD21 /* Release */,
			);
			defaultConfigurationIsVisible = 0;
			defaultConfigurationName = Release;
		};
/* End XCConfigurationList section */
	};
	rootObject = 00E3E0AC1F1F93580041AD21 /* Project object */;
}
